dependencies:
- name: accounts-service
  repository: file://./charts/accounts-service
  version: 0.1.0
- name: cash-service
  repository: file://./charts/cash-service
  version: 0.1.0
- name: transfer-service
  repository: file://./charts/transfer-service
  version: 0.1.0
- name: blocker-service
  repository: file://./charts/blocker-service
  version: 0.1.0
- name: exchange-service
  repository: file://./charts/exchange-service
  version: 0.1.0
- name: exchange-generator
  repository: file://./charts/exchange-generator
  version: 0.1.0
- name: notifications-service
  repository: file://./charts/notifications-service
  version: 0.1.0
- name: front-ui
  repository: file://./charts/front-ui
  version: 0.1.0
digest: sha256:6536e4a375288565715923937b6fd2b055377b766e2f7e366f9518361a9d5783
generated: "2025-06-14T00:19:25.378466+03:00"
