dependencies:
- name: accounts-service
  repository: file://./charts/accounts-service
  version: 0.1.0
- name: cash-service
  repository: file://./charts/cash-service
  version: 0.1.0
- name: transfer-service
  repository: file://./charts/transfer-service
  version: 0.1.0
- name: blocker-service
  repository: file://./charts/blocker-service
  version: 0.1.0
- name: exchange-service
  repository: file://./charts/exchange-service
  version: 0.1.0
- name: exchange-generator
  repository: file://./charts/exchange-generator
  version: 0.1.0
- name: notifications-service
  repository: file://./charts/notifications-service
  version: 0.1.0
- name: front-ui
  repository: file://./charts/front-ui
  version: 0.1.0
- name: postgresql
  repository: file://./charts/postgresql
  version: 16.7.10
- name: postgresql
  repository: file://./charts/postgresql
  version: 16.7.10
- name: postgresql
  repository: file://./charts/postgresql
  version: 16.7.10
- name: postgresql
  repository: file://./charts/postgresql
  version: 16.7.10
- name: postgresql
  repository: file://./charts/postgresql
  version: 16.7.10
- name: keycloak
  repository: file://./charts/keycloak
  version: 24.7.3
- name: rabbitmq
  repository: file://./charts/rabbitmq
  version: 16.0.6
digest: sha256:f855a34aa7d4951d83d890d67a0552150c64f4baf55de8a231e196de5273d872
generated: "2025-06-08T15:11:48.7491846+03:00"
